{
  "name": "kottans-bot",
  "version": "1.0.0",
  "lockfileVersion": 2,
  "requires": true,
  "packages": {
    "": {
      "name": "kottans-bot",
      "version": "1.0.0",
      "license": "ISC",
      "dependencies": {
        "dotenv": "^16.0.1",
        "telegraf": "^4.8.5"
      },
      "devDependencies": {
        "@types/node": "^18.0.6",
        "ts-node": "^10.9.1",
        "typescript": "^4.7.4"
      }
    },
    "node_modules/@cspotcode/source-map-support": {
      "version": "0.8.1",
      "resolved": "https://repo.dev.wixpress.com/artifactory/api/npm/npm-repos/@cspotcode/source-map-support/-/source-map-support-0.8.1.tgz",
      "integrity": "sha1-AGKcNaaI4FqIsc2mhPudXnPwAKE=",
      "dev": true,
      "license": "MIT",
      "dependencies": {
        "@jridgewell/trace-mapping": "0.3.9"
      },
      "engines": {
        "node": ">=12"
      }
    },
    "node_modules/@jridgewell/resolve-uri": {
      "version": "3.1.0",
      "resolved": "https://repo.dev.wixpress.com/artifactory/api/npm/npm-repos/@jridgewell/resolve-uri/-/resolve-uri-3.1.0.tgz",
      "integrity": "sha1-IgOxGMFXchrd/mnUe3BGVGMGbXg=",
      "dev": true,
      "license": "MIT",
      "engines": {
        "node": ">=6.0.0"
      }
    },
    "node_modules/@jridgewell/sourcemap-codec": {
      "version": "1.4.14",
      "resolved": "https://repo.dev.wixpress.com/artifactory/api/npm/npm-repos/@jridgewell/sourcemap-codec/-/sourcemap-codec-1.4.14.tgz",
      "integrity": "sha1-rdTJjTQUcqKJGQtCTvvbCWmRuyQ=",
      "dev": true,
      "license": "MIT"
    },
    "node_modules/@jridgewell/trace-mapping": {
      "version": "0.3.9",
      "resolved": "https://repo.dev.wixpress.com/artifactory/api/npm/npm-repos/@jridgewell/trace-mapping/-/trace-mapping-0.3.9.tgz",
      "integrity": "sha1-ZTT9WTOlO6fL86F2FeJzoNEnP/k=",
      "dev": true,
      "license": "MIT",
      "dependencies": {
        "@jridgewell/resolve-uri": "^3.0.3",
        "@jridgewell/sourcemap-codec": "^1.4.10"
      }
    },
    "node_modules/@tsconfig/node10": {
      "version": "1.0.9",
      "resolved": "https://repo.dev.wixpress.com/artifactory/api/npm/npm-repos/@tsconfig/node10/-/node10-1.0.9.tgz",
      "integrity": "sha1-30kH/AeohpImN7FeAtTOvEwAIbI=",
      "dev": true,
      "license": "MIT"
    },
    "node_modules/@tsconfig/node12": {
      "version": "1.0.11",
      "resolved": "https://repo.dev.wixpress.com/artifactory/api/npm/npm-repos/@tsconfig/node12/-/node12-1.0.11.tgz",
      "integrity": "sha1-7j3vHyfZ7WbaxuRqKVz/sBUuBY0=",
      "dev": true,
      "license": "MIT"
    },
    "node_modules/@tsconfig/node14": {
      "version": "1.0.3",
      "resolved": "https://repo.dev.wixpress.com/artifactory/api/npm/npm-repos/@tsconfig/node14/-/node14-1.0.3.tgz",
      "integrity": "sha1-5DhjFihPALmENb9A9y91oJ2r9sE=",
      "dev": true,
      "license": "MIT"
    },
    "node_modules/@tsconfig/node16": {
      "version": "1.0.3",
      "resolved": "https://repo.dev.wixpress.com/artifactory/api/npm/npm-repos/@tsconfig/node16/-/node16-1.0.3.tgz",
      "integrity": "sha1-Ry6qtfFcH/3X+GKL1MT3U5lex54=",
      "dev": true,
      "license": "MIT"
    },
    "node_modules/@types/node": {
      "version": "18.0.6",
      "resolved": "https://repo.dev.wixpress.com/artifactory/api/npm/npm-repos/@types/node/-/node-18.0.6.tgz",
      "integrity": "sha1-C6SaxRetaavnoVCLybOlSD351dc=",
      "dev": true,
      "license": "MIT"
    },
    "node_modules/abort-controller": {
      "version": "3.0.0",
      "resolved": "https://repo.dev.wixpress.com/artifactory/api/npm/npm-repos/abort-controller/-/abort-controller-3.0.0.tgz",
      "integrity": "sha1-6vVNU7YrrkE46AnKIlyEOabvs5I=",
      "license": "MIT",
      "dependencies": {
        "event-target-shim": "^5.0.0"
      },
      "engines": {
        "node": ">=6.5"
      }
    },
    "node_modules/acorn": {
      "version": "8.8.0",
      "resolved": "https://repo.dev.wixpress.com/artifactory/api/npm/npm-repos/acorn/-/acorn-8.8.0.tgz",
      "integrity": "sha1-iMAYdiBDXH9gFYA/VTna4Fqdvqg=",
      "dev": true,
      "license": "MIT",
      "bin": {
        "acorn": "bin/acorn"
      },
      "engines": {
        "node": ">=0.4.0"
      }
    },
    "node_modules/acorn-walk": {
      "version": "8.2.0",
      "resolved": "https://repo.dev.wixpress.com/artifactory/api/npm/npm-repos/acorn-walk/-/acorn-walk-8.2.0.tgz",
      "integrity": "sha1-dBIQ8uJCZFRQiFOi9E0KuDt/acE=",
      "dev": true,
      "license": "MIT",
      "engines": {
        "node": ">=0.4.0"
      }
    },
    "node_modules/arg": {
      "version": "4.1.3",
      "resolved": "https://repo.dev.wixpress.com/artifactory/api/npm/npm-repos/arg/-/arg-4.1.3.tgz",
      "integrity": "sha1-Jp/HrVuOQstjyJbVZmAXJhwUQIk=",
      "dev": true,
      "license": "MIT"
    },
    "node_modules/buffer-alloc": {
      "version": "1.2.0",
      "resolved": "https://repo.dev.wixpress.com/artifactory/api/npm/npm-repos/buffer-alloc/-/buffer-alloc-1.2.0.tgz",
      "integrity": "sha1-iQ3ZDZI6hz4I4Q5f1RpX5bfM4Ow=",
      "license": "MIT",
      "dependencies": {
        "buffer-alloc-unsafe": "^1.1.0",
        "buffer-fill": "^1.0.0"
      }
    },
    "node_modules/buffer-alloc-unsafe": {
      "version": "1.1.0",
      "resolved": "https://repo.dev.wixpress.com/artifactory/api/npm/npm-repos/buffer-alloc-unsafe/-/buffer-alloc-unsafe-1.1.0.tgz",
      "integrity": "sha1-vX3CauKXLQ7aJTvgYdupkjScGfA=",
      "license": "MIT"
    },
    "node_modules/buffer-fill": {
      "version": "1.0.0",
      "resolved": "https://repo.dev.wixpress.com/artifactory/api/npm/npm-repos/buffer-fill/-/buffer-fill-1.0.0.tgz",
      "integrity": "sha1-+PeLdniYiO858gXNY39o5wISKyw=",
      "license": "MIT"
    },
    "node_modules/create-require": {
      "version": "1.1.1",
      "resolved": "https://repo.dev.wixpress.com/artifactory/api/npm/npm-repos/create-require/-/create-require-1.1.1.tgz",
      "integrity": "sha1-wdfo8eX2z8n/ZfnNNS03NIdWwzM=",
      "dev": true,
      "license": "MIT"
    },
    "node_modules/debug": {
      "version": "4.3.4",
      "resolved": "https://repo.dev.wixpress.com/artifactory/api/npm/npm-repos/debug/-/debug-4.3.4.tgz",
      "integrity": "sha1-Exn2V5NX8jONMzfSzdSRS7XcyGU=",
      "license": "MIT",
      "dependencies": {
        "ms": "2.1.2"
      },
      "engines": {
        "node": ">=6.0"
      },
      "peerDependenciesMeta": {
        "supports-color": {
          "optional": true
        }
      }
    },
    "node_modules/diff": {
      "version": "4.0.2",
      "resolved": "https://repo.dev.wixpress.com/artifactory/api/npm/npm-repos/diff/-/diff-4.0.2.tgz",
      "integrity": "sha1-YPOuy4nV+uUgwRqhnvwruYKq3n0=",
      "dev": true,
      "license": "BSD-3-Clause",
      "engines": {
        "node": ">=0.3.1"
      }
    },
    "node_modules/dotenv": {
      "version": "16.0.1",
      "resolved": "https://repo.dev.wixpress.com/artifactory/api/npm/npm-repos/dotenv/-/dotenv-16.0.1.tgz",
      "integrity": "sha1-j4+dlIdsNdrJiYdqXTqComf9zh0=",
      "license": "BSD-2-Clause",
      "engines": {
        "node": ">=12"
      }
    },
    "node_modules/event-target-shim": {
      "version": "5.0.1",
      "resolved": "https://repo.dev.wixpress.com/artifactory/api/npm/npm-repos/event-target-shim/-/event-target-shim-5.0.1.tgz",
      "integrity": "sha1-XU0+vflYPWOlMzzi3rdICrKwV4k=",
      "license": "MIT",
      "engines": {
        "node": ">=6"
      }
    },
    "node_modules/make-error": {
      "version": "1.3.6",
      "resolved": "https://repo.dev.wixpress.com/artifactory/api/npm/npm-repos/make-error/-/make-error-1.3.6.tgz",
      "integrity": "sha1-LrLjfqm2fEiR9oShOUeZr0hM96I=",
      "dev": true,
      "license": "ISC"
    },
    "node_modules/minimist": {
      "version": "1.2.6",
      "resolved": "https://repo.dev.wixpress.com/artifactory/api/npm/npm-repos/minimist/-/minimist-1.2.6.tgz",
      "integrity": "sha1-hjelt1nqDW6YcCz7OpKDMjyTr0Q=",
      "license": "MIT"
    },
    "node_modules/module-alias": {
      "version": "2.2.2",
      "resolved": "https://repo.dev.wixpress.com/artifactory/api/npm/npm-repos/module-alias/-/module-alias-2.2.2.tgz",
      "integrity": "sha1-FRzc7MJOJXOf8KpuUeHFcWl0wOA=",
      "license": "MIT"
    },
    "node_modules/ms": {
      "version": "2.1.2",
      "resolved": "https://repo.dev.wixpress.com/artifactory/api/npm/npm-repos/ms/-/ms-2.1.2.tgz",
      "integrity": "sha1-0J0fNXtEP0kzgqjrPM0YOHKuYAk=",
      "license": "MIT"
    },
    "node_modules/node-fetch": {
      "version": "2.6.7",
      "resolved": "https://repo.dev.wixpress.com/artifactory/api/npm/npm-repos/node-fetch/-/node-fetch-2.6.7.tgz",
      "integrity": "sha1-JN6fuoJ+O0rkTciyAlajeRYAUq0=",
      "license": "MIT",
      "dependencies": {
        "whatwg-url": "^5.0.0"
      },
      "engines": {
        "node": "4.x || >=6.0.0"
      },
      "peerDependencies": {
        "encoding": "^0.1.0"
      },
      "peerDependenciesMeta": {
        "encoding": {
          "optional": true
        }
      }
    },
    "node_modules/p-timeout": {
      "version": "4.1.0",
      "resolved": "https://repo.dev.wixpress.com/artifactory/api/npm/npm-repos/p-timeout/-/p-timeout-4.1.0.tgz",
      "integrity": "sha1-eIJTwEUqsP/s8Ypi3/lP8b0Jygo=",
      "license": "MIT",
      "engines": {
        "node": ">=10"
      }
    },
    "node_modules/safe-compare": {
      "version": "1.1.4",
      "resolved": "https://repo.dev.wixpress.com/artifactory/api/npm/npm-repos/safe-compare/-/safe-compare-1.1.4.tgz",
      "integrity": "sha1-XgEoU4qCgg4uklDNeORdpnhrpZM=",
      "license": "MIT",
      "dependencies": {
        "buffer-alloc": "^1.2.0"
      }
    },
    "node_modules/sandwich-stream": {
      "version": "2.0.2",
      "resolved": "https://repo.dev.wixpress.com/artifactory/api/npm/npm-repos/sandwich-stream/-/sandwich-stream-2.0.2.tgz",
      "integrity": "sha1-bR/rbPfp/p+ttBUTRZpywuhAAPo=",
      "license": "Apache-2.0",
      "engines": {
        "node": ">= 0.10"
      }
    },
    "node_modules/telegraf": {
      "version": "4.8.5",
      "resolved": "https://repo.dev.wixpress.com/artifactory/api/npm/npm-repos/telegraf/-/telegraf-4.8.5.tgz",
      "integrity": "sha1-DfI4rgHkT5jOKHhfXUZRJ9cSFRs=",
      "license": "MIT",
      "dependencies": {
        "abort-controller": "^3.0.0",
        "debug": "^4.3.3",
        "minimist": "^1.2.6",
        "module-alias": "^2.2.2",
        "node-fetch": "^2.6.7",
        "p-timeout": "^4.1.0",
        "safe-compare": "^1.1.4",
        "sandwich-stream": "^2.0.2",
        "typegram": "^3.9.0"
      },
      "bin": {
        "telegraf": "bin/telegraf"
      },
      "engines": {
        "node": "^12.20.0 || >=14.13.1"
      }
    },
    "node_modules/tr46": {
      "version": "0.0.3",
      "resolved": "https://repo.dev.wixpress.com/artifactory/api/npm/npm-repos/tr46/-/tr46-0.0.3.tgz",
      "integrity": "sha1-gYT9NH2snNwYWZLzpmIuFLnZq2o=",
      "license": "MIT"
    },
    "node_modules/ts-node": {
      "version": "10.9.1",
      "resolved": "https://repo.dev.wixpress.com/artifactory/api/npm/npm-repos/ts-node/-/ts-node-10.9.1.tgz",
      "integrity": "sha1-5z3pEClYr54fCxaKb/Mg4lrc/0s=",
      "dev": true,
      "license": "MIT",
      "dependencies": {
        "@cspotcode/source-map-support": "^0.8.0",
        "@tsconfig/node10": "^1.0.7",
        "@tsconfig/node12": "^1.0.7",
        "@tsconfig/node14": "^1.0.0",
        "@tsconfig/node16": "^1.0.2",
        "acorn": "^8.4.1",
        "acorn-walk": "^8.1.1",
        "arg": "^4.1.0",
        "create-require": "^1.1.0",
        "diff": "^4.0.1",
        "make-error": "^1.1.1",
        "v8-compile-cache-lib": "^3.0.1",
        "yn": "3.1.1"
      },
      "bin": {
        "ts-node": "dist/bin.js",
        "ts-node-cwd": "dist/bin-cwd.js",
        "ts-node-esm": "dist/bin-esm.js",
        "ts-node-script": "dist/bin-script.js",
        "ts-node-transpile-only": "dist/bin-transpile.js",
        "ts-script": "dist/bin-script-deprecated.js"
      },
      "peerDependencies": {
        "@swc/core": ">=1.2.50",
        "@swc/wasm": ">=1.2.50",
        "@types/node": "*",
        "typescript": ">=2.7"
      },
      "peerDependenciesMeta": {
        "@swc/core": {
          "optional": true
        },
        "@swc/wasm": {
          "optional": true
        }
      }
    },
    "node_modules/typegram": {
      "version": "3.10.0",
      "resolved": "https://repo.dev.wixpress.com/artifactory/api/npm/npm-repos/typegram/-/typegram-3.10.0.tgz",
      "integrity": "sha1-jwLCp3SPAZ8FZieTGNK+OW0QO9g=",
      "license": "MIT"
    },
    "node_modules/typescript": {
      "version": "4.7.4",
      "resolved": "https://repo.dev.wixpress.com/artifactory/api/npm/npm-repos/typescript/-/typescript-4.7.4.tgz",
      "integrity": "sha1-GohZbRz0fVlQehvN+1ud/k1IgjU=",
      "dev": true,
      "license": "Apache-2.0",
      "bin": {
        "tsc": "bin/tsc",
        "tsserver": "bin/tsserver"
      },
      "engines": {
        "node": ">=4.2.0"
      }
    },
    "node_modules/v8-compile-cache-lib": {
      "version": "3.0.1",
      "resolved": "https://repo.dev.wixpress.com/artifactory/api/npm/npm-repos/v8-compile-cache-lib/-/v8-compile-cache-lib-3.0.1.tgz",
      "integrity": "sha1-Yzbo1xllyz01obu3hoRFp8BSZL8=",
      "dev": true,
      "license": "MIT"
    },
    "node_modules/webidl-conversions": {
      "version": "3.0.1",
      "resolved": "https://repo.dev.wixpress.com/artifactory/api/npm/npm-repos/webidl-conversions/-/webidl-conversions-3.0.1.tgz",
      "integrity": "sha1-JFNCdeKnvGvnvIZhHMFq4KVlSHE=",
      "license": "BSD-2-Clause"
    },
    "node_modules/whatwg-url": {
      "version": "5.0.0",
      "resolved": "https://repo.dev.wixpress.com/artifactory/api/npm/npm-repos/whatwg-url/-/whatwg-url-5.0.0.tgz",
      "integrity": "sha1-lmRU6HZUYuN2RNNib2dCzotwll0=",
      "license": "MIT",
      "dependencies": {
        "tr46": "~0.0.3",
        "webidl-conversions": "^3.0.0"
      }
    },
    "node_modules/yn": {
      "version": "3.1.1",
      "resolved": "https://repo.dev.wixpress.com/artifactory/api/npm/npm-repos/yn/-/yn-3.1.1.tgz",
      "integrity": "sha1-HodAGgnXZ8HV6rJqbkwYUYLS61A=",
      "dev": true,
      "license": "MIT",
      "engines": {
        "node": ">=6"
      }
    }
  },
  "dependencies": {
    "@cspotcode/source-map-support": {
      "version": "0.8.1",
      "resolved": "https://repo.dev.wixpress.com/artifactory/api/npm/npm-repos/@cspotcode/source-map-support/-/source-map-support-0.8.1.tgz",
      "integrity": "sha1-AGKcNaaI4FqIsc2mhPudXnPwAKE=",
      "dev": true,
      "requires": {
        "@jridgewell/trace-mapping": "0.3.9"
      }
    },
    "@jridgewell/resolve-uri": {
      "version": "3.1.0",
      "resolved": "https://repo.dev.wixpress.com/artifactory/api/npm/npm-repos/@jridgewell/resolve-uri/-/resolve-uri-3.1.0.tgz",
      "integrity": "sha1-IgOxGMFXchrd/mnUe3BGVGMGbXg=",
      "dev": true
    },
    "@jridgewell/sourcemap-codec": {
      "version": "1.4.14",
      "resolved": "https://repo.dev.wixpress.com/artifactory/api/npm/npm-repos/@jridgewell/sourcemap-codec/-/sourcemap-codec-1.4.14.tgz",
      "integrity": "sha1-rdTJjTQUcqKJGQtCTvvbCWmRuyQ=",
      "dev": true
    },
    "@jridgewell/trace-mapping": {
      "version": "0.3.9",
      "resolved": "https://repo.dev.wixpress.com/artifactory/api/npm/npm-repos/@jridgewell/trace-mapping/-/trace-mapping-0.3.9.tgz",
      "integrity": "sha1-ZTT9WTOlO6fL86F2FeJzoNEnP/k=",
      "dev": true,
      "requires": {
        "@jridgewell/resolve-uri": "^3.0.3",
        "@jridgewell/sourcemap-codec": "^1.4.10"
      }
    },
    "@tsconfig/node10": {
      "version": "1.0.9",
      "resolved": "https://repo.dev.wixpress.com/artifactory/api/npm/npm-repos/@tsconfig/node10/-/node10-1.0.9.tgz",
      "integrity": "sha1-30kH/AeohpImN7FeAtTOvEwAIbI=",
      "dev": true
    },
    "@tsconfig/node12": {
      "version": "1.0.11",
      "resolved": "https://repo.dev.wixpress.com/artifactory/api/npm/npm-repos/@tsconfig/node12/-/node12-1.0.11.tgz",
      "integrity": "sha1-7j3vHyfZ7WbaxuRqKVz/sBUuBY0=",
      "dev": true
    },
    "@tsconfig/node14": {
      "version": "1.0.3",
      "resolved": "https://repo.dev.wixpress.com/artifactory/api/npm/npm-repos/@tsconfig/node14/-/node14-1.0.3.tgz",
      "integrity": "sha1-5DhjFihPALmENb9A9y91oJ2r9sE=",
      "dev": true
    },
    "@tsconfig/node16": {
      "version": "1.0.3",
      "resolved": "https://repo.dev.wixpress.com/artifactory/api/npm/npm-repos/@tsconfig/node16/-/node16-1.0.3.tgz",
      "integrity": "sha1-Ry6qtfFcH/3X+GKL1MT3U5lex54=",
      "dev": true
    },
    "@types/node": {
      "version": "18.0.6",
      "resolved": "https://repo.dev.wixpress.com/artifactory/api/npm/npm-repos/@types/node/-/node-18.0.6.tgz",
      "integrity": "sha1-C6SaxRetaavnoVCLybOlSD351dc=",
      "dev": true
    },
    "abort-controller": {
      "version": "3.0.0",
      "resolved": "https://repo.dev.wixpress.com/artifactory/api/npm/npm-repos/abort-controller/-/abort-controller-3.0.0.tgz",
      "integrity": "sha1-6vVNU7YrrkE46AnKIlyEOabvs5I=",
      "requires": {
        "event-target-shim": "^5.0.0"
      }
    },
    "acorn": {
      "version": "8.8.0",
      "resolved": "https://repo.dev.wixpress.com/artifactory/api/npm/npm-repos/acorn/-/acorn-8.8.0.tgz",
      "integrity": "sha1-iMAYdiBDXH9gFYA/VTna4Fqdvqg=",
      "dev": true
    },
    "acorn-walk": {
      "version": "8.2.0",
      "resolved": "https://repo.dev.wixpress.com/artifactory/api/npm/npm-repos/acorn-walk/-/acorn-walk-8.2.0.tgz",
      "integrity": "sha1-dBIQ8uJCZFRQiFOi9E0KuDt/acE=",
      "dev": true
    },
    "arg": {
      "version": "4.1.3",
      "resolved": "https://repo.dev.wixpress.com/artifactory/api/npm/npm-repos/arg/-/arg-4.1.3.tgz",
      "integrity": "sha1-Jp/HrVuOQstjyJbVZmAXJhwUQIk=",
      "dev": true
    },
    "buffer-alloc": {
      "version": "1.2.0",
      "resolved": "https://repo.dev.wixpress.com/artifactory/api/npm/npm-repos/buffer-alloc/-/buffer-alloc-1.2.0.tgz",
      "integrity": "sha1-iQ3ZDZI6hz4I4Q5f1RpX5bfM4Ow=",
      "requires": {
        "buffer-alloc-unsafe": "^1.1.0",
        "buffer-fill": "^1.0.0"
      }
    },
    "buffer-alloc-unsafe": {
      "version": "1.1.0",
      "resolved": "https://repo.dev.wixpress.com/artifactory/api/npm/npm-repos/buffer-alloc-unsafe/-/buffer-alloc-unsafe-1.1.0.tgz",
      "integrity": "sha1-vX3CauKXLQ7aJTvgYdupkjScGfA="
    },
    "buffer-fill": {
      "version": "1.0.0",
      "resolved": "https://repo.dev.wixpress.com/artifactory/api/npm/npm-repos/buffer-fill/-/buffer-fill-1.0.0.tgz",
      "integrity": "sha1-+PeLdniYiO858gXNY39o5wISKyw="
    },
    "create-require": {
      "version": "1.1.1",
      "resolved": "https://repo.dev.wixpress.com/artifactory/api/npm/npm-repos/create-require/-/create-require-1.1.1.tgz",
      "integrity": "sha1-wdfo8eX2z8n/ZfnNNS03NIdWwzM=",
      "dev": true
    },
    "debug": {
      "version": "4.3.4",
      "resolved": "https://repo.dev.wixpress.com/artifactory/api/npm/npm-repos/debug/-/debug-4.3.4.tgz",
      "integrity": "sha1-Exn2V5NX8jONMzfSzdSRS7XcyGU=",
      "requires": {
        "ms": "2.1.2"
      }
    },
    "diff": {
      "version": "4.0.2",
      "resolved": "https://repo.dev.wixpress.com/artifactory/api/npm/npm-repos/diff/-/diff-4.0.2.tgz",
      "integrity": "sha1-YPOuy4nV+uUgwRqhnvwruYKq3n0=",
      "dev": true
    },
    "dotenv": {
      "version": "16.0.1",
      "resolved": "https://repo.dev.wixpress.com/artifactory/api/npm/npm-repos/dotenv/-/dotenv-16.0.1.tgz",
      "integrity": "sha1-j4+dlIdsNdrJiYdqXTqComf9zh0="
    },
    "event-target-shim": {
      "version": "5.0.1",
      "resolved": "https://repo.dev.wixpress.com/artifactory/api/npm/npm-repos/event-target-shim/-/event-target-shim-5.0.1.tgz",
      "integrity": "sha1-XU0+vflYPWOlMzzi3rdICrKwV4k="
    },
    "make-error": {
      "version": "1.3.6",
      "resolved": "https://repo.dev.wixpress.com/artifactory/api/npm/npm-repos/make-error/-/make-error-1.3.6.tgz",
      "integrity": "sha1-LrLjfqm2fEiR9oShOUeZr0hM96I=",
      "dev": true
    },
    "minimist": {
      "version": "1.2.6",
      "resolved": "https://repo.dev.wixpress.com/artifactory/api/npm/npm-repos/minimist/-/minimist-1.2.6.tgz",
      "integrity": "sha1-hjelt1nqDW6YcCz7OpKDMjyTr0Q="
    },
    "module-alias": {
      "version": "2.2.2",
      "resolved": "https://repo.dev.wixpress.com/artifactory/api/npm/npm-repos/module-alias/-/module-alias-2.2.2.tgz",
      "integrity": "sha1-FRzc7MJOJXOf8KpuUeHFcWl0wOA="
    },
    "ms": {
      "version": "2.1.2",
      "resolved": "https://repo.dev.wixpress.com/artifactory/api/npm/npm-repos/ms/-/ms-2.1.2.tgz",
      "integrity": "sha1-0J0fNXtEP0kzgqjrPM0YOHKuYAk="
    },
    "node-fetch": {
      "version": "2.6.7",
      "resolved": "https://repo.dev.wixpress.com/artifactory/api/npm/npm-repos/node-fetch/-/node-fetch-2.6.7.tgz",
      "integrity": "sha1-JN6fuoJ+O0rkTciyAlajeRYAUq0=",
      "requires": {
        "whatwg-url": "^5.0.0"
      }
    },
    "p-timeout": {
      "version": "4.1.0",
      "resolved": "https://repo.dev.wixpress.com/artifactory/api/npm/npm-repos/p-timeout/-/p-timeout-4.1.0.tgz",
      "integrity": "sha1-eIJTwEUqsP/s8Ypi3/lP8b0Jygo="
    },
    "safe-compare": {
      "version": "1.1.4",
      "resolved": "https://repo.dev.wixpress.com/artifactory/api/npm/npm-repos/safe-compare/-/safe-compare-1.1.4.tgz",
      "integrity": "sha1-XgEoU4qCgg4uklDNeORdpnhrpZM=",
      "requires": {
        "buffer-alloc": "^1.2.0"
      }
    },
    "sandwich-stream": {
      "version": "2.0.2",
      "resolved": "https://repo.dev.wixpress.com/artifactory/api/npm/npm-repos/sandwich-stream/-/sandwich-stream-2.0.2.tgz",
      "integrity": "sha1-bR/rbPfp/p+ttBUTRZpywuhAAPo="
    },
    "telegraf": {
      "version": "4.8.5",
      "resolved": "https://repo.dev.wixpress.com/artifactory/api/npm/npm-repos/telegraf/-/telegraf-4.8.5.tgz",
      "integrity": "sha1-DfI4rgHkT5jOKHhfXUZRJ9cSFRs=",
      "requires": {
        "abort-controller": "^3.0.0",
        "debug": "^4.3.3",
        "minimist": "^1.2.6",
        "module-alias": "^2.2.2",
        "node-fetch": "^2.6.7",
        "p-timeout": "^4.1.0",
        "safe-compare": "^1.1.4",
        "sandwich-stream": "^2.0.2",
        "typegram": "^3.9.0"
      }
    },
    "tr46": {
      "version": "0.0.3",
      "resolved": "https://repo.dev.wixpress.com/artifactory/api/npm/npm-repos/tr46/-/tr46-0.0.3.tgz",
      "integrity": "sha1-gYT9NH2snNwYWZLzpmIuFLnZq2o="
    },
    "ts-node": {
      "version": "10.9.1",
      "resolved": "https://repo.dev.wixpress.com/artifactory/api/npm/npm-repos/ts-node/-/ts-node-10.9.1.tgz",
      "integrity": "sha1-5z3pEClYr54fCxaKb/Mg4lrc/0s=",
      "dev": true,
      "requires": {
        "@cspotcode/source-map-support": "^0.8.0",
        "@tsconfig/node10": "^1.0.7",
        "@tsconfig/node12": "^1.0.7",
        "@tsconfig/node14": "^1.0.0",
        "@tsconfig/node16": "^1.0.2",
        "acorn": "^8.4.1",
        "acorn-walk": "^8.1.1",
        "arg": "^4.1.0",
        "create-require": "^1.1.0",
        "diff": "^4.0.1",
        "make-error": "^1.1.1",
        "v8-compile-cache-lib": "^3.0.1",
        "yn": "3.1.1"
      }
    },
    "typegram": {
      "version": "3.10.0",
      "resolved": "https://repo.dev.wixpress.com/artifactory/api/npm/npm-repos/typegram/-/typegram-3.10.0.tgz",
      "integrity": "sha1-jwLCp3SPAZ8FZieTGNK+OW0QO9g="
    },
    "typescript": {
      "version": "4.7.4",
      "resolved": "https://repo.dev.wixpress.com/artifactory/api/npm/npm-repos/typescript/-/typescript-4.7.4.tgz",
      "integrity": "sha1-GohZbRz0fVlQehvN+1ud/k1IgjU=",
      "dev": true
    },
    "v8-compile-cache-lib": {
      "version": "3.0.1",
      "resolved": "https://repo.dev.wixpress.com/artifactory/api/npm/npm-repos/v8-compile-cache-lib/-/v8-compile-cache-lib-3.0.1.tgz",
      "integrity": "sha1-Yzbo1xllyz01obu3hoRFp8BSZL8=",
      "dev": true
    },
    "webidl-conversions": {
      "version": "3.0.1",
      "resolved": "https://repo.dev.wixpress.com/artifactory/api/npm/npm-repos/webidl-conversions/-/webidl-conversions-3.0.1.tgz",
      "integrity": "sha1-JFNCdeKnvGvnvIZhHMFq4KVlSHE="
    },
    "whatwg-url": {
      "version": "5.0.0",
      "resolved": "https://repo.dev.wixpress.com/artifactory/api/npm/npm-repos/whatwg-url/-/whatwg-url-5.0.0.tgz",
      "integrity": "sha1-lmRU6HZUYuN2RNNib2dCzotwll0=",
      "requires": {
        "tr46": "~0.0.3",
        "webidl-conversions": "^3.0.0"
      }
    },
    "yn": {
      "version": "3.1.1",
      "resolved": "https://repo.dev.wixpress.com/artifactory/api/npm/npm-repos/yn/-/yn-3.1.1.tgz",
      "integrity": "sha1-HodAGgnXZ8HV6rJqbkwYUYLS61A=",
      "dev": true
    }
  }
}
